
Microsoft Visual Studio Solution File, Format Version 12.00
# Visual Studio Version 17
VisualStudioVersion = 17.11.35327.3
MinimumVisualStudioVersion = 10.0.40219.1
Project("{9A19103F-16F7-4668-BE54-9A1E7A4F7556}") = "ShopifyWebhookManager", "ShopifyWebhookManager.csproj", "{CCDD4661-5300-4AE5-A10A-A16F31BF7132}"
EndProject
Project("{2150E333-8FDC-42A3-9474-1A3956D46DE8}") = "Web", "Web", "{FD61229F-FA1B-4A8C-A5D9-74FDD689C323}"
EndProject
Project("{2150E333-8FDC-42A3-9474-1A3956D46DE8}") = "Model", "Model", "{FCCAE6E2-F6CA-44A1-B1C5-EB6650D7D907}"
EndProject
Project("{2150E333-8FDC-42A3-9474-1A3956D46DE8}") = "Infrastructure", "Infrastructure", "{BD3421DE-6FA8-4C45-B16D-9C03427CEBED}"
EndProject
Project("{2150E333-8FDC-42A3-9474-1A3956D46DE8}") = "Domain", "Domain", "{AD460897-46CF-4065-96C9-ED4AF1AEA7AD}"
EndProject
Project("{2150E333-8FDC-42A3-9474-1A3956D46DE8}") = "CrossCutting", "CrossCutting", "{B39F180C-968C-4742-BD63-C8B49D9248BE}"
EndProject
Project("{9A19103F-16F7-4668-BE54-9A1E7A4F7556}") = "Models", "..\Models\Models.csproj", "{77184B00-2869-4A4A-86EC-CD3060AB1380}"
EndProject
Project("{FAE04EC0-301F-11D3-BF4B-00C04F79EFBC}") = "Database", "..\Database\Database.csproj", "{DEAD3D71-57F6-44A2-B513-3A889E38CDBB}"
EndProject
Project("{FAE04EC0-301F-11D3-BF4B-00C04F79EFBC}") = "Domains", "..\Domains\Domains.csproj", "{7F72FFE6-F1CA-4977-93DC-DF6142C1796B}"
EndProject
Project("{FAE04EC0-301F-11D3-BF4B-00C04F79EFBC}") = "Utils", "..\Utils\Utils.csproj", "{5E4279D0-9CCB-41FB-8116-7FDDFFA7E7B9}"
EndProject
Project("{FAE04EC0-301F-11D3-BF4B-00C04F79EFBC}") = "ServiceBusQueue", "..\ServiceBusQueue\ServiceBusQueue.csproj", "{81282845-8A64-46FE-8079-F69D2D366935}"
EndProject
Project("{FAE04EC0-301F-11D3-BF4B-00C04F79EFBC}") = "QueueReceiver", "..\QueueReceiver\QueueReceiver.csproj", "{60A5B85A-FD94-48D2-A4A7-A8B7BF3B1B43}"
EndProject
Global
	GlobalSection(SolutionConfigurationPlatforms) = preSolution
		Debug|Any CPU = Debug|Any CPU
		Release|Any CPU = Release|Any CPU
	EndGlobalSection
	GlobalSection(ProjectConfigurationPlatforms) = postSolution
		{CCDD4661-5300-4AE5-A10A-A16F31BF7132}.Debug|Any CPU.ActiveCfg = Debug|Any CPU
		{CCDD4661-5300-4AE5-A10A-A16F31BF7132}.Debug|Any CPU.Build.0 = Debug|Any CPU
		{CCDD4661-5300-4AE5-A10A-A16F31BF7132}.Release|Any CPU.ActiveCfg = Release|Any CPU
		{CCDD4661-5300-4AE5-A10A-A16F31BF7132}.Release|Any CPU.Build.0 = Release|Any CPU
		{77184B00-2869-4A4A-86EC-CD3060AB1380}.Debug|Any CPU.ActiveCfg = Debug|Any CPU
		{77184B00-2869-4A4A-86EC-CD3060AB1380}.Debug|Any CPU.Build.0 = Debug|Any CPU
		{77184B00-2869-4A4A-86EC-CD3060AB1380}.Release|Any CPU.ActiveCfg = Release|Any CPU
		{77184B00-2869-4A4A-86EC-CD3060AB1380}.Release|Any CPU.Build.0 = Release|Any CPU
		{DEAD3D71-57F6-44A2-B513-3A889E38CDBB}.Debug|Any CPU.ActiveCfg = Debug|Any CPU
		{DEAD3D71-57F6-44A2-B513-3A889E38CDBB}.Debug|Any CPU.Build.0 = Debug|Any CPU
		{DEAD3D71-57F6-44A2-B513-3A889E38CDBB}.Release|Any CPU.ActiveCfg = Release|Any CPU
		{DEAD3D71-57F6-44A2-B513-3A889E38CDBB}.Release|Any CPU.Build.0 = Release|Any CPU
		{7F72FFE6-F1CA-4977-93DC-DF6142C1796B}.Debug|Any CPU.ActiveCfg = Debug|Any CPU
		{7F72FFE6-F1CA-4977-93DC-DF6142C1796B}.Debug|Any CPU.Build.0 = Debug|Any CPU
		{7F72FFE6-F1CA-4977-93DC-DF6142C1796B}.Release|Any CPU.ActiveCfg = Release|Any CPU
		{7F72FFE6-F1CA-4977-93DC-DF6142C1796B}.Release|Any CPU.Build.0 = Release|Any CPU
		{5E4279D0-9CCB-41FB-8116-7FDDFFA7E7B9}.Debug|Any CPU.ActiveCfg = Debug|Any CPU
		{5E4279D0-9CCB-41FB-8116-7FDDFFA7E7B9}.Debug|Any CPU.Build.0 = Debug|Any CPU
		{5E4279D0-9CCB-41FB-8116-7FDDFFA7E7B9}.Release|Any CPU.ActiveCfg = Release|Any CPU
		{5E4279D0-9CCB-41FB-8116-7FDDFFA7E7B9}.Release|Any CPU.Build.0 = Release|Any CPU
		{81282845-8A64-46FE-8079-F69D2D366935}.Debug|Any CPU.ActiveCfg = Debug|Any CPU
		{81282845-8A64-46FE-8079-F69D2D366935}.Debug|Any CPU.Build.0 = Debug|Any CPU
		{81282845-8A64-46FE-8079-F69D2D366935}.Release|Any CPU.ActiveCfg = Release|Any CPU
		{81282845-8A64-46FE-8079-F69D2D366935}.Release|Any CPU.Build.0 = Release|Any CPU
		{60A5B85A-FD94-48D2-A4A7-A8B7BF3B1B43}.Debug|Any CPU.ActiveCfg = Debug|Any CPU
		{60A5B85A-FD94-48D2-A4A7-A8B7BF3B1B43}.Debug|Any CPU.Build.0 = Debug|Any CPU
		{60A5B85A-FD94-48D2-A4A7-A8B7BF3B1B43}.Release|Any CPU.ActiveCfg = Release|Any CPU
		{60A5B85A-FD94-48D2-A4A7-A8B7BF3B1B43}.Release|Any CPU.Build.0 = Release|Any CPU
	EndGlobalSection
	GlobalSection(SolutionProperties) = preSolution
		HideSolutionNode = FALSE
	EndGlobalSection
	GlobalSection(NestedProjects) = preSolution
		{CCDD4661-5300-4AE5-A10A-A16F31BF7132} = {FD61229F-FA1B-4A8C-A5D9-74FDD689C323}
		{77184B00-2869-4A4A-86EC-CD3060AB1380} = {FCCAE6E2-F6CA-44A1-B1C5-EB6650D7D907}
		{DEAD3D71-57F6-44A2-B513-3A889E38CDBB} = {BD3421DE-6FA8-4C45-B16D-9C03427CEBED}
		{7F72FFE6-F1CA-4977-93DC-DF6142C1796B} = {AD460897-46CF-4065-96C9-ED4AF1AEA7AD}
		{5E4279D0-9CCB-41FB-8116-7FDDFFA7E7B9} = {B39F180C-968C-4742-BD63-C8B49D9248BE}
		{81282845-8A64-46FE-8079-F69D2D366935} = {B39F180C-968C-4742-BD63-C8B49D9248BE}
		{60A5B85A-FD94-48D2-A4A7-A8B7BF3B1B43} = {B39F180C-968C-4742-BD63-C8B49D9248BE}
	EndGlobalSection
	GlobalSection(ExtensibilityGlobals) = postSolution
		SolutionGuid = {BCB5A912-5105-4EEE-B6F8-C4EDAF103A70}
	EndGlobalSection
EndGlobal
